
Microsoft Visual Studio Solution File, Format Version 12.00
# Visual Studio Version 16
VisualStudioVersion = 16.0.31313.79
MinimumVisualStudioVersion = 10.0.40219.1
Project("{FAE04EC0-301F-11D3-BF4B-00C04F79EFBC}") = "PlannerApp", "PlannerApp\PlannerApp.csproj", "{3519B957-14ED-455D-A604-0916A1A3C86B}"
EndProject
Global
	GlobalSection(SolutionConfigurationPlatforms) = preSolution
		Debug|Any CPU = Debug|Any CPU
		Release|Any CPU = Release|Any CPU
	EndGlobalSection
	GlobalSection(ProjectConfigurationPlatforms) = postSolution
		{3519B957-14ED-455D-A604-0916A1A3C86B}.Debug|Any CPU.ActiveCfg = Debug|Any CPU
		{3519B957-14ED-455D-A604-0916A1A3C86B}.Debug|Any CPU.Build.0 = Debug|Any CPU
		{3519B957-14ED-455D-A604-0916A1A3C86B}.Release|Any CPU.ActiveCfg = Release|Any CPU
		{3519B957-14ED-455D-A604-0916A1A3C86B}.Release|Any CPU.Build.0 = Release|Any CPU
	EndGlobalSection
	GlobalSection(SolutionProperties) = preSolution
		HideSolutionNode = FALSE
	EndGlobalSection
	GlobalSection(ExtensibilityGlobals) = postSolution
		SolutionGuid = {45329E94-04CE-46A4-BF07-FD58ED03B937}
	EndGlobalSection
EndGlobal
